
Microsoft Visual Studio Solution File, Format Version 12.00
# Visual Studio 15
VisualStudioVersion = 15.0.28010.2036
MinimumVisualStudioVersion = 10.0.40219.1
Project("{F184B08F-C81C-45F6-A57F-5ABD9991F28F}") = "OFSProject-FileUpload", "OFSProject-FileUpload\OFSProject-FileUpload.vbproj", "{1F990689-2AE4-47E3-A0BF-3BB642E823BC}"
EndProject
Global
	GlobalSection(SolutionConfigurationPlatforms) = preSolution
		Debug|Any CPU = Debug|Any CPU
		Release|Any CPU = Release|Any CPU
	EndGlobalSection
	GlobalSection(ProjectConfigurationPlatforms) = postSolution
		{1F990689-2AE4-47E3-A0BF-3BB642E823BC}.Debug|Any CPU.ActiveCfg = Debug|Any CPU
		{1F990689-2AE4-47E3-A0BF-3BB642E823BC}.Debug|Any CPU.Build.0 = Debug|Any CPU
		{1F990689-2AE4-47E3-A0BF-3BB642E823BC}.Release|Any CPU.ActiveCfg = Release|Any CPU
		{1F990689-2AE4-47E3-A0BF-3BB642E823BC}.Release|Any CPU.Build.0 = Release|Any CPU
	EndGlobalSection
	GlobalSection(SolutionProperties) = preSolution
		HideSolutionNode = FALSE
	EndGlobalSection
	GlobalSection(ExtensibilityGlobals) = postSolution
		SolutionGuid = {86398DEE-64B2-4F40-BC8F-CDBA61B71EFB}
	EndGlobalSection
EndGlobal
